
Microsoft Visual Studio Solution File, Format Version 12.00
# Visual Studio 15
VisualStudioVersion = 15.0.28307.329
MinimumVisualStudioVersion = 10.0.40219.1
Project("{FAE04EC0-301F-11D3-BF4B-00C04F79EFBC}") = "DeonpaRPG", "NoteBookGame\DeonpaRPG.csproj", "{CA9F8E2A-A11D-481A-B8D5-4A97DB7BC5A6}"
EndProject
Global
	GlobalSection(SolutionConfigurationPlatforms) = preSolution
		Debug|Any CPU = Debug|Any CPU
		Release|Any CPU = Release|Any CPU
	EndGlobalSection
	GlobalSection(ProjectConfigurationPlatforms) = postSolution
		{CA9F8E2A-A11D-481A-B8D5-4A97DB7BC5A6}.Debug|Any CPU.ActiveCfg = Debug|Any CPU
		{CA9F8E2A-A11D-481A-B8D5-4A97DB7BC5A6}.Debug|Any CPU.Build.0 = Debug|Any CPU
		{CA9F8E2A-A11D-481A-B8D5-4A97DB7BC5A6}.Release|Any CPU.ActiveCfg = Release|Any CPU
		{CA9F8E2A-A11D-481A-B8D5-4A97DB7BC5A6}.Release|Any CPU.Build.0 = Release|Any CPU
	EndGlobalSection
	GlobalSection(SolutionProperties) = preSolution
		HideSolutionNode = FALSE
	EndGlobalSection
	GlobalSection(ExtensibilityGlobals) = postSolution
		SolutionGuid = {5C3C1E27-2BD7-4606-BE8D-F0D42A6711FF}
	EndGlobalSection
EndGlobal
